
Microsoft Visual Studio Solution File, Format Version 12.00
# Visual Studio Version 17
VisualStudioVersion = 17.6.33723.286
MinimumVisualStudioVersion = 10.0.40219.1
Project("{FAE04EC0-301F-11D3-BF4B-00C04F79EFBC}") = "Login_Csharp", "Login_Csharp\Login_Csharp.csproj", "{5DCE7001-F649-4F20-869D-AC825A8147A1}"
EndProject
Global
	GlobalSection(SolutionConfigurationPlatforms) = preSolution
		Debug|Any CPU = Debug|Any CPU
		Release|Any CPU = Release|Any CPU
	EndGlobalSection
	GlobalSection(ProjectConfigurationPlatforms) = postSolution
		{5DCE7001-F649-4F20-869D-AC825A8147A1}.Debug|Any CPU.ActiveCfg = Debug|Any CPU
		{5DCE7001-F649-4F20-869D-AC825A8147A1}.Debug|Any CPU.Build.0 = Debug|Any CPU
		{5DCE7001-F649-4F20-869D-AC825A8147A1}.Release|Any CPU.ActiveCfg = Release|Any CPU
		{5DCE7001-F649-4F20-869D-AC825A8147A1}.Release|Any CPU.Build.0 = Release|Any CPU
	EndGlobalSection
	GlobalSection(SolutionProperties) = preSolution
		HideSolutionNode = FALSE
	EndGlobalSection
	GlobalSection(ExtensibilityGlobals) = postSolution
		SolutionGuid = {2DF5F003-717D-439A-AE3F-71821543A79F}
	EndGlobalSection
EndGlobal
